
Microsoft Visual Studio Solution File, Format Version 12.00
# Visual Studio Version 17
VisualStudioVersion = 17.4.33205.214
MinimumVisualStudioVersion = 10.0.40219.1
Project("{FAE04EC0-301F-11D3-BF4B-00C04F79EFBC}") = "ConsoleApp2", "ConsoleApp2\ConsoleApp2.csproj", "{0B027319-C5AD-4E73-A568-0D38EC983927}"
EndProject
Global
	GlobalSection(SolutionConfigurationPlatforms) = preSolution
		Debug|Any CPU = Debug|Any CPU
		Release|Any CPU = Release|Any CPU
	EndGlobalSection
	GlobalSection(ProjectConfigurationPlatforms) = postSolution
		{0B027319-C5AD-4E73-A568-0D38EC983927}.Debug|Any CPU.ActiveCfg = Debug|Any CPU
		{0B027319-C5AD-4E73-A568-0D38EC983927}.Debug|Any CPU.Build.0 = Debug|Any CPU
		{0B027319-C5AD-4E73-A568-0D38EC983927}.Release|Any CPU.ActiveCfg = Release|Any CPU
		{0B027319-C5AD-4E73-A568-0D38EC983927}.Release|Any CPU.Build.0 = Release|Any CPU
	EndGlobalSection
	GlobalSection(SolutionProperties) = preSolution
		HideSolutionNode = FALSE
	EndGlobalSection
	GlobalSection(ExtensibilityGlobals) = postSolution
		SolutionGuid = {6A4AF1F4-E372-4857-8570-6E1FAC1597F2}
	EndGlobalSection
EndGlobal
